
Microsoft Visual Studio Solution File, Format Version 12.00
# Visual Studio Version 17
VisualStudioVersion = 17.7.34031.279
MinimumVisualStudioVersion = 10.0.40219.1
Project("{FAE04EC0-301F-11D3-BF4B-00C04F79EFBC}") = "paitentsRegistration", "paitentsRegistration\paitentsRegistration.csproj", "{464E7806-178F-4282-A486-A7362E8E5C3A}"
EndProject
Global
	GlobalSection(SolutionConfigurationPlatforms) = preSolution
		Debug|Any CPU = Debug|Any CPU
		Release|Any CPU = Release|Any CPU
	EndGlobalSection
	GlobalSection(ProjectConfigurationPlatforms) = postSolution
		{464E7806-178F-4282-A486-A7362E8E5C3A}.Debug|Any CPU.ActiveCfg = Debug|Any CPU
		{464E7806-178F-4282-A486-A7362E8E5C3A}.Debug|Any CPU.Build.0 = Debug|Any CPU
		{464E7806-178F-4282-A486-A7362E8E5C3A}.Release|Any CPU.ActiveCfg = Release|Any CPU
		{464E7806-178F-4282-A486-A7362E8E5C3A}.Release|Any CPU.Build.0 = Release|Any CPU
	EndGlobalSection
	GlobalSection(SolutionProperties) = preSolution
		HideSolutionNode = FALSE
	EndGlobalSection
	GlobalSection(ExtensibilityGlobals) = postSolution
		SolutionGuid = {34A239F7-5425-46B9-A3C2-36999CE52D38}
	EndGlobalSection
EndGlobal
